
Microsoft Visual Studio Solution File, Format Version 12.00
# Visual Studio Version 17
VisualStudioVersion = 17.2.32602.215
MinimumVisualStudioVersion = 10.0.40219.1
Project("{9A19103F-16F7-4668-BE54-9A1E7A4F7556}") = "AnnouncementAPI", "AnnouncementAPI\AnnouncementAPI.csproj", "{B047F0C7-BF33-4BE7-998A-C9C3FACB93B8}"
	ProjectSection(ProjectDependencies) = postProject
		{6D0509E1-4FCB-4324-8785-9BC7EB9B0EDD} = {6D0509E1-4FCB-4324-8785-9BC7EB9B0EDD}
		{9BA4DFB4-71B9-40D3-A4AA-EB4E4DA31167} = {9BA4DFB4-71B9-40D3-A4AA-EB4E4DA31167}
	EndProjectSection
EndProject
Project("{9A19103F-16F7-4668-BE54-9A1E7A4F7556}") = "CeidAnnouncementManager", "CeidAnnouncementManager\CeidAnnouncementManager.csproj", "{6D0509E1-4FCB-4324-8785-9BC7EB9B0EDD}"
	ProjectSection(ProjectDependencies) = postProject
		{94A4AB50-1001-494C-A624-A8979AAE7482} = {94A4AB50-1001-494C-A624-A8979AAE7482}
	EndProjectSection
EndProject
Project("{9A19103F-16F7-4668-BE54-9A1E7A4F7556}") = "DTOs", "DTOs\DTOs.csproj", "{9BA4DFB4-71B9-40D3-A4AA-EB4E4DA31167}"
EndProject
Project("{9A19103F-16F7-4668-BE54-9A1E7A4F7556}") = "EFDataAccessLibrary", "EFDataAccessLibrary\EFDataAccessLibrary.csproj", "{94A4AB50-1001-494C-A624-A8979AAE7482}"
EndProject
Project("{9A19103F-16F7-4668-BE54-9A1E7A4F7556}") = "DataCreatorForTesting", "DataCreatorForTesting\DataCreatorForTesting.csproj", "{E0611317-50B9-49E5-A2BE-133E0E2AB17C}"
	ProjectSection(ProjectDependencies) = postProject
		{94A4AB50-1001-494C-A624-A8979AAE7482} = {94A4AB50-1001-494C-A624-A8979AAE7482}
	EndProjectSection
EndProject
Project("{FAE04EC0-301F-11D3-BF4B-00C04F79EFBC}") = "Common", "Common\Common.csproj", "{EA970D42-61B9-4A31-A96F-9C0B9E701826}"
EndProject
Global
	GlobalSection(SolutionConfigurationPlatforms) = preSolution
		Debug|Any CPU = Debug|Any CPU
		Release|Any CPU = Release|Any CPU
	EndGlobalSection
	GlobalSection(ProjectConfigurationPlatforms) = postSolution
		{B047F0C7-BF33-4BE7-998A-C9C3FACB93B8}.Debug|Any CPU.ActiveCfg = Debug|Any CPU
		{B047F0C7-BF33-4BE7-998A-C9C3FACB93B8}.Debug|Any CPU.Build.0 = Debug|Any CPU
		{B047F0C7-BF33-4BE7-998A-C9C3FACB93B8}.Release|Any CPU.ActiveCfg = Release|Any CPU
		{B047F0C7-BF33-4BE7-998A-C9C3FACB93B8}.Release|Any CPU.Build.0 = Release|Any CPU
		{6D0509E1-4FCB-4324-8785-9BC7EB9B0EDD}.Debug|Any CPU.ActiveCfg = Debug|Any CPU
		{6D0509E1-4FCB-4324-8785-9BC7EB9B0EDD}.Debug|Any CPU.Build.0 = Debug|Any CPU
		{6D0509E1-4FCB-4324-8785-9BC7EB9B0EDD}.Release|Any CPU.ActiveCfg = Release|Any CPU
		{6D0509E1-4FCB-4324-8785-9BC7EB9B0EDD}.Release|Any CPU.Build.0 = Release|Any CPU
		{9BA4DFB4-71B9-40D3-A4AA-EB4E4DA31167}.Debug|Any CPU.ActiveCfg = Debug|Any CPU
		{9BA4DFB4-71B9-40D3-A4AA-EB4E4DA31167}.Debug|Any CPU.Build.0 = Debug|Any CPU
		{9BA4DFB4-71B9-40D3-A4AA-EB4E4DA31167}.Release|Any CPU.ActiveCfg = Release|Any CPU
		{9BA4DFB4-71B9-40D3-A4AA-EB4E4DA31167}.Release|Any CPU.Build.0 = Release|Any CPU
		{94A4AB50-1001-494C-A624-A8979AAE7482}.Debug|Any CPU.ActiveCfg = Debug|Any CPU
		{94A4AB50-1001-494C-A624-A8979AAE7482}.Debug|Any CPU.Build.0 = Debug|Any CPU
		{94A4AB50-1001-494C-A624-A8979AAE7482}.Release|Any CPU.ActiveCfg = Release|Any CPU
		{94A4AB50-1001-494C-A624-A8979AAE7482}.Release|Any CPU.Build.0 = Release|Any CPU
		{E0611317-50B9-49E5-A2BE-133E0E2AB17C}.Debug|Any CPU.ActiveCfg = Debug|Any CPU
		{E0611317-50B9-49E5-A2BE-133E0E2AB17C}.Debug|Any CPU.Build.0 = Debug|Any CPU
		{E0611317-50B9-49E5-A2BE-133E0E2AB17C}.Release|Any CPU.ActiveCfg = Release|Any CPU
		{E0611317-50B9-49E5-A2BE-133E0E2AB17C}.Release|Any CPU.Build.0 = Release|Any CPU
		{EA970D42-61B9-4A31-A96F-9C0B9E701826}.Debug|Any CPU.ActiveCfg = Debug|Any CPU
		{EA970D42-61B9-4A31-A96F-9C0B9E701826}.Debug|Any CPU.Build.0 = Debug|Any CPU
		{EA970D42-61B9-4A31-A96F-9C0B9E701826}.Release|Any CPU.ActiveCfg = Release|Any CPU
		{EA970D42-61B9-4A31-A96F-9C0B9E701826}.Release|Any CPU.Build.0 = Release|Any CPU
	EndGlobalSection
	GlobalSection(SolutionProperties) = preSolution
		HideSolutionNode = FALSE
	EndGlobalSection
	GlobalSection(ExtensibilityGlobals) = postSolution
		SolutionGuid = {B3534231-5C0B-4C9A-8644-0620521D645F}
	EndGlobalSection
EndGlobal
